
Microsoft Visual Studio Solution File, Format Version 12.00
# Visual Studio Version 17
VisualStudioVersion = 17.13.35825.156 d17.13
MinimumVisualStudioVersion = 10.0.40219.1
Project("{FAE04EC0-301F-11D3-BF4B-00C04F79EFBC}") = "mvvmTabProj", "mvvmTabProj\mvvmTabProj.csproj", "{36B1EAC4-BCFC-4557-AD96-FA1E6DDE0CFB}"
EndProject
Global
	GlobalSection(SolutionConfigurationPlatforms) = preSolution
		Debug|Any CPU = Debug|Any CPU
		Release|Any CPU = Release|Any CPU
	EndGlobalSection
	GlobalSection(ProjectConfigurationPlatforms) = postSolution
		{36B1EAC4-BCFC-4557-AD96-FA1E6DDE0CFB}.Debug|Any CPU.ActiveCfg = Debug|Any CPU
		{36B1EAC4-BCFC-4557-AD96-FA1E6DDE0CFB}.Debug|Any CPU.Build.0 = Debug|Any CPU
		{36B1EAC4-BCFC-4557-AD96-FA1E6DDE0CFB}.Release|Any CPU.ActiveCfg = Release|Any CPU
		{36B1EAC4-BCFC-4557-AD96-FA1E6DDE0CFB}.Release|Any CPU.Build.0 = Release|Any CPU
	EndGlobalSection
	GlobalSection(SolutionProperties) = preSolution
		HideSolutionNode = FALSE
	EndGlobalSection
	GlobalSection(ExtensibilityGlobals) = postSolution
		SolutionGuid = {F4CF320F-5718-451D-883E-9A5C56FA78F3}
	EndGlobalSection
EndGlobal
